
Microsoft Visual Studio Solution File, Format Version 12.00
# Visual Studio Version 17
VisualStudioVersion = 17.2.32630.192
MinimumVisualStudioVersion = 10.0.40219.1
Project("{9A19103F-16F7-4668-BE54-9A1E7A4F7556}") = "wwimporters.api", "wwimporters\wwimporters.api.csproj", "{80692F05-ABE4-48F0-A402-4D9C425536C3}"
EndProject
Project("{9A19103F-16F7-4668-BE54-9A1E7A4F7556}") = "wwimporters.domain", "wwimporters.domain\wwimporters.domain.csproj", "{1AD351E3-410F-4E0C-9EB1-CAF2B6F8AD09}"
EndProject
Project("{9A19103F-16F7-4668-BE54-9A1E7A4F7556}") = "wwimporters.infrastructure", "wwimporters.infrastructure\wwimporters.infrastructure.csproj", "{D1CAB632-61C9-4B75-9979-D6E5EBAC28EB}"
EndProject
Project("{FAE04EC0-301F-11D3-BF4B-00C04F79EFBC}") = "wwimporters.efmigrations", "efmigrations\wwimporters.efmigrations.csproj", "{47A7C36D-7A12-4CB7-B937-B00BF56B8507}"
EndProject
Global
	GlobalSection(SolutionConfigurationPlatforms) = preSolution
		Debug|Any CPU = Debug|Any CPU
		Release|Any CPU = Release|Any CPU
	EndGlobalSection
	GlobalSection(ProjectConfigurationPlatforms) = postSolution
		{80692F05-ABE4-48F0-A402-4D9C425536C3}.Debug|Any CPU.ActiveCfg = Debug|Any CPU
		{80692F05-ABE4-48F0-A402-4D9C425536C3}.Debug|Any CPU.Build.0 = Debug|Any CPU
		{80692F05-ABE4-48F0-A402-4D9C425536C3}.Release|Any CPU.ActiveCfg = Release|Any CPU
		{80692F05-ABE4-48F0-A402-4D9C425536C3}.Release|Any CPU.Build.0 = Release|Any CPU
		{1AD351E3-410F-4E0C-9EB1-CAF2B6F8AD09}.Debug|Any CPU.ActiveCfg = Debug|Any CPU
		{1AD351E3-410F-4E0C-9EB1-CAF2B6F8AD09}.Debug|Any CPU.Build.0 = Debug|Any CPU
		{1AD351E3-410F-4E0C-9EB1-CAF2B6F8AD09}.Release|Any CPU.ActiveCfg = Release|Any CPU
		{1AD351E3-410F-4E0C-9EB1-CAF2B6F8AD09}.Release|Any CPU.Build.0 = Release|Any CPU
		{D1CAB632-61C9-4B75-9979-D6E5EBAC28EB}.Debug|Any CPU.ActiveCfg = Debug|Any CPU
		{D1CAB632-61C9-4B75-9979-D6E5EBAC28EB}.Debug|Any CPU.Build.0 = Debug|Any CPU
		{D1CAB632-61C9-4B75-9979-D6E5EBAC28EB}.Release|Any CPU.ActiveCfg = Release|Any CPU
		{D1CAB632-61C9-4B75-9979-D6E5EBAC28EB}.Release|Any CPU.Build.0 = Release|Any CPU
		{47A7C36D-7A12-4CB7-B937-B00BF56B8507}.Debug|Any CPU.ActiveCfg = Debug|Any CPU
		{47A7C36D-7A12-4CB7-B937-B00BF56B8507}.Debug|Any CPU.Build.0 = Debug|Any CPU
		{47A7C36D-7A12-4CB7-B937-B00BF56B8507}.Release|Any CPU.ActiveCfg = Release|Any CPU
		{47A7C36D-7A12-4CB7-B937-B00BF56B8507}.Release|Any CPU.Build.0 = Release|Any CPU
	EndGlobalSection
	GlobalSection(SolutionProperties) = preSolution
		HideSolutionNode = FALSE
	EndGlobalSection
	GlobalSection(ExtensibilityGlobals) = postSolution
		SolutionGuid = {E7C59C31-2EA5-4D57-897C-3BE003E22DBF}
	EndGlobalSection
EndGlobal
